
Microsoft Visual Studio Solution File, Format Version 12.00
# Visual Studio Version 17
VisualStudioVersion = 17.6.33815.320
MinimumVisualStudioVersion = 10.0.40219.1
Project("{9A19103F-16F7-4668-BE54-9A1E7A4F7556}") = "Order.API", "Order.API\Order.API.csproj", "{8D594015-90A6-4976-B4ED-89038DDEBFFB}"
EndProject
Project("{9A19103F-16F7-4668-BE54-9A1E7A4F7556}") = "Order.Application", "Order.Application\Order.Application.csproj", "{87F35659-4DD9-4908-B836-9EA4CEB46FFE}"
EndProject
Project("{9A19103F-16F7-4668-BE54-9A1E7A4F7556}") = "Order.Domain", "Order.Domain\Order.Domain.csproj", "{529CED1A-1C67-4A07-A19A-7CAC30D1B2A4}"
EndProject
Project("{9A19103F-16F7-4668-BE54-9A1E7A4F7556}") = "Order.Infrastructure", "Order.Infrastructure\Order.Infrastructure.csproj", "{66933AD1-069B-4B93-ADD3-69BDFE630D68}"
EndProject
Global
	GlobalSection(SolutionConfigurationPlatforms) = preSolution
		Debug|Any CPU = Debug|Any CPU
		Release|Any CPU = Release|Any CPU
	EndGlobalSection
	GlobalSection(ProjectConfigurationPlatforms) = postSolution
		{8D594015-90A6-4976-B4ED-89038DDEBFFB}.Debug|Any CPU.ActiveCfg = Debug|Any CPU
		{8D594015-90A6-4976-B4ED-89038DDEBFFB}.Debug|Any CPU.Build.0 = Debug|Any CPU
		{8D594015-90A6-4976-B4ED-89038DDEBFFB}.Release|Any CPU.ActiveCfg = Release|Any CPU
		{8D594015-90A6-4976-B4ED-89038DDEBFFB}.Release|Any CPU.Build.0 = Release|Any CPU
		{87F35659-4DD9-4908-B836-9EA4CEB46FFE}.Debug|Any CPU.ActiveCfg = Debug|Any CPU
		{87F35659-4DD9-4908-B836-9EA4CEB46FFE}.Debug|Any CPU.Build.0 = Debug|Any CPU
		{87F35659-4DD9-4908-B836-9EA4CEB46FFE}.Release|Any CPU.ActiveCfg = Release|Any CPU
		{87F35659-4DD9-4908-B836-9EA4CEB46FFE}.Release|Any CPU.Build.0 = Release|Any CPU
		{529CED1A-1C67-4A07-A19A-7CAC30D1B2A4}.Debug|Any CPU.ActiveCfg = Debug|Any CPU
		{529CED1A-1C67-4A07-A19A-7CAC30D1B2A4}.Debug|Any CPU.Build.0 = Debug|Any CPU
		{529CED1A-1C67-4A07-A19A-7CAC30D1B2A4}.Release|Any CPU.ActiveCfg = Release|Any CPU
		{529CED1A-1C67-4A07-A19A-7CAC30D1B2A4}.Release|Any CPU.Build.0 = Release|Any CPU
		{66933AD1-069B-4B93-ADD3-69BDFE630D68}.Debug|Any CPU.ActiveCfg = Debug|Any CPU
		{66933AD1-069B-4B93-ADD3-69BDFE630D68}.Debug|Any CPU.Build.0 = Debug|Any CPU
		{66933AD1-069B-4B93-ADD3-69BDFE630D68}.Release|Any CPU.ActiveCfg = Release|Any CPU
		{66933AD1-069B-4B93-ADD3-69BDFE630D68}.Release|Any CPU.Build.0 = Release|Any CPU
	EndGlobalSection
	GlobalSection(SolutionProperties) = preSolution
		HideSolutionNode = FALSE
	EndGlobalSection
	GlobalSection(ExtensibilityGlobals) = postSolution
		SolutionGuid = {B0DC1CC1-7E7F-42DD-B5A7-A5B583863CDE}
	EndGlobalSection
EndGlobal
